PODS:
  - Alamofire (5.4.2)
  - ReachabilitySwift (5.0.0)
  - Realm (10.7.2):
    - Realm/Headers (= 10.7.2)
  - Realm/Headers (10.7.2)
  - RealmSwift (10.7.2):
    - Realm (= 10.7.2)
  - RxSwift (6.1.0)
  - SwiftyJSON (5.0.1)

DEPENDENCIES:
  - Alamofire
  - ReachabilitySwift
  - RealmSwift
  - RxSwift
  - SwiftyJSON

SPEC REPOS:
  trunk:
    - Alamofire
    - ReachabilitySwift
    - Realm
    - RealmSwift
    - RxSwift
    - SwiftyJSON

SPEC CHECKSUMS:
  Alamofire: bfbc4c2fe5909b1d94fb4ef2277c6b3727ef5dae
  ReachabilitySwift: 985039c6f7b23a1da463388634119492ff86c825
  Realm: e523da9ade306c5ae87e85dc09fdef148d3e1cc1
  RealmSwift: 4f6758c3adbdcc87f7b7777107226532a077f61c
  RxSwift: a834e5c538e89eca0cae86f403f4fbf0336786ce
  SwiftyJSON: 2f33a42c6fbc52764d96f13368585094bfd8aa5e

PODFILE CHECKSUM: ec6cdadd91b1cf10b4aac2faba43721dadc6c2ef

COCOAPODS: 1.10.1
