// !$*UTF8*$!
{
	archiveVersion = 1;
	classes = {
	};
	objectVersion = 50;
	objects = {

/* Begin PBXBuildFile section */
		4DBFA65A423188B5A00194DD /* Pods_Readly.framework in Frameworks */ = {isa = PBXBuildFile; fileRef = 2051E50B44DDD545E21D2D7C /* Pods_Readly.framework */; };
		6B845CFAD14F12C768AE6F5E /* Pods_ReadlyTests.framework in Frameworks */ = {isa = PBXBuildFile; fileRef = A03DE39516BBDBCEB5CF8BCE /* Pods_ReadlyTests.framework */; };
		B21B8DE0262B37E0007E9B81 /* RequestService.swift in Sources */ = {isa = PBXBuildFile; fileRef = B21B8DDF262B37E0007E9B81 /* RequestService.swift */; };
		B21B8DE9262B3934007E9B81 /* BooksAPI.swift in Sources */ = {isa = PBXBuildFile; fileRef = B21B8DE8262B3934007E9B81 /* BooksAPI.swift */; };
		B21B8DF9262B3CCF007E9B81 /* AppDataObserver.swift in Sources */ = {isa = PBXBuildFile; fileRef = B21B8DF8262B3CCF007E9B81 /* AppDataObserver.swift */; };
		B21B8DFE262B4594007E9B81 /* JokesAPI.swift in Sources */ = {isa = PBXBuildFile; fileRef = B21B8DFD262B4594007E9B81 /* JokesAPI.swift */; };
		F2108FCE26538265005E8C33 /* Book.swift in Sources */ = {isa = PBXBuildFile; fileRef = F2108FCC26538265005E8C33 /* Book.swift */; };
		F2108FCF26538265005E8C33 /* Joke.swift in Sources */ = {isa = PBXBuildFile; fileRef = F2108FCD26538265005E8C33 /* Joke.swift */; };
		F2108FD62653827D005E8C33 /* JokesViewModel.swift in Sources */ = {isa = PBXBuildFile; fileRef = F2108FD12653827C005E8C33 /* JokesViewModel.swift */; };
		F2108FD72653827D005E8C33 /* PunchlineViewModel.swift in Sources */ = {isa = PBXBuildFile; fileRef = F2108FD22653827C005E8C33 /* PunchlineViewModel.swift */; };
		F2108FD82653827D005E8C33 /* ReadViewModel.swift in Sources */ = {isa = PBXBuildFile; fileRef = F2108FD32653827C005E8C33 /* ReadViewModel.swift */; };
		F2108FD92653827D005E8C33 /* FavouritesViewModel.swift in Sources */ = {isa = PBXBuildFile; fileRef = F2108FD42653827C005E8C33 /* FavouritesViewModel.swift */; };
		F2108FDA2653827D005E8C33 /* LibraryViewModel.swift in Sources */ = {isa = PBXBuildFile; fileRef = F2108FD52653827D005E8C33 /* LibraryViewModel.swift */; };
		F2108FE22653828E005E8C33 /* JokesViewController.swift in Sources */ = {isa = PBXBuildFile; fileRef = F2108FDC2653828E005E8C33 /* JokesViewController.swift */; };
		F2108FE32653828E005E8C33 /* PunchlineViewController.swift in Sources */ = {isa = PBXBuildFile; fileRef = F2108FDD2653828E005E8C33 /* PunchlineViewController.swift */; };
		F2108FE42653828E005E8C33 /* FavouritesViewController.swift in Sources */ = {isa = PBXBuildFile; fileRef = F2108FDE2653828E005E8C33 /* FavouritesViewController.swift */; };
		F2108FE52653828E005E8C33 /* LibraryViewController.swift in Sources */ = {isa = PBXBuildFile; fileRef = F2108FDF2653828E005E8C33 /* LibraryViewController.swift */; };
		F2108FE62653828E005E8C33 /* ReadViewController.swift in Sources */ = {isa = PBXBuildFile; fileRef = F2108FE02653828E005E8C33 /* ReadViewController.swift */; };
		F2108FED2653848E005E8C33 /* BookListItem.swift in Sources */ = {isa = PBXBuildFile; fileRef = F2108FEB2653848E005E8C33 /* BookListItem.swift */; };
		F2108FEE2653848E005E8C33 /* BookListItem.xib in Resources */ = {isa = PBXBuildFile; fileRef = F2108FEC2653848E005E8C33 /* BookListItem.xib */; };
		F2108FF626538A34005E8C33 /* ReadlyTests.swift in Sources */ = {isa = PBXBuildFile; fileRef = F2108FF526538A34005E8C33 /* ReadlyTests.swift */; };
		F24DA85626513B3600989224 /* NetworkException.swift in Sources */ = {isa = PBXBuildFile; fileRef = F24DA85526513B3600989224 /* NetworkException.swift */; };
		F2C0E88D25FA842C00BB818B /* AppDelegate.swift in Sources */ = {isa = PBXBuildFile; fileRef = F2C0E88C25FA842C00BB818B /* AppDelegate.swift */; };
		F2C0E88F25FA842C00BB818B /* SceneDelegate.swift in Sources */ = {isa = PBXBuildFile; fileRef = F2C0E88E25FA842C00BB818B /* SceneDelegate.swift */; };
		F2C0E89425FA842C00BB818B /* Main.storyboard in Resources */ = {isa = PBXBuildFile; fileRef = F2C0E89225FA842C00BB818B /* Main.storyboard */; };
		F2C0E89625FA842E00BB818B /* Assets.xcassets in Resources */ = {isa = PBXBuildFile; fileRef = F2C0E89525FA842E00BB818B /* Assets.xcassets */; };
		F2C0E89925FA842E00BB818B /* LaunchScreen.storyboard in Resources */ = {isa = PBXBuildFile; fileRef = F2C0E89725FA842E00BB818B /* LaunchScreen.storyboard */; };
		F2C0E8B825FAB8B700BB818B /* AppData.swift in Sources */ = {isa = PBXBuildFile; fileRef = F2C0E8B725FAB8B700BB818B /* AppData.swift */; };
		F2C8559726556D6600A7FC81 /* ReadlyUITests.swift in Sources */ = {isa = PBXBuildFile; fileRef = F2C8559626556D6600A7FC81 /* ReadlyUITests.swift */; };
		F2C855A026557AF400A7FC81 /* MockJockeApi.swift in Sources */ = {isa = PBXBuildFile; fileRef = F2C8559F26557AF400A7FC81 /* MockJockeApi.swift */; };
		F2C855A226557F2900A7FC81 /* MockJokesApi.swift in Sources */ = {isa = PBXBuildFile; fileRef = F2C855A126557F2900A7FC81 /* MockJokesApi.swift */; };
		F2FC15B52654435E00FD4C5B /* AppDataTests.swift in Sources */ = {isa = PBXBuildFile; fileRef = F2FC15B42654435E00FD4C5B /* AppDataTests.swift */; };
/* End PBXBuildFile section */

/* Begin PBXContainerItemProxy section */
		F2108FF826538A34005E8C33 /* PBXContainerItemProxy */ = {
			isa = PBXContainerItemProxy;
			containerPortal = F2C0E88125FA842C00BB818B /* Project object */;
			proxyType = 1;
			remoteGlobalIDString = F2C0E88825FA842C00BB818B;
			remoteInfo = Readly;
		};
		F2C8559926556D6600A7FC81 /* PBXContainerItemProxy */ = {
			isa = PBXContainerItemProxy;
			containerPortal = F2C0E88125FA842C00BB818B /* Project object */;
			proxyType = 1;
			remoteGlobalIDString = F2C0E88825FA842C00BB818B;
			remoteInfo = Readly;
		};
/* End PBXContainerItemProxy section */

/* Begin PBXFileReference section */
		2051E50B44DDD545E21D2D7C /* Pods_Readly.framework */ = {isa = PBXFileReference; explicitFileType = wrapper.framework; includeInIndex = 0; path = Pods_Readly.framework; sourceTree = BUILT_PRODUCTS_DIR; };
		225FD56AACF8640623E47DBA /* Pods-Readly.release.xcconfig */ = {isa = PBXFileReference; includeInIndex = 1; lastKnownFileType = text.xcconfig; name = "Pods-Readly.release.xcconfig"; path = "Target Support Files/Pods-Readly/Pods-Readly.release.xcconfig"; sourceTree = "<group>"; };
		6E0942845F4F06532ED291A4 /* Pods-ReadlyTests.debug.xcconfig */ = {isa = PBXFileReference; includeInIndex = 1; lastKnownFileType = text.xcconfig; name = "Pods-ReadlyTests.debug.xcconfig"; path = "Target Support Files/Pods-ReadlyTests/Pods-ReadlyTests.debug.xcconfig"; sourceTree = "<group>"; };
		9BF19C212BDA2A5CCD82C56A /* Pods-Readly.debug.xcconfig */ = {isa = PBXFileReference; includeInIndex = 1; lastKnownFileType = text.xcconfig; name = "Pods-Readly.debug.xcconfig"; path = "Target Support Files/Pods-Readly/Pods-Readly.debug.xcconfig"; sourceTree = "<group>"; };
		A03DE39516BBDBCEB5CF8BCE /* Pods_ReadlyTests.framework */ = {isa = PBXFileReference; explicitFileType = wrapper.framework; includeInIndex = 0; path = Pods_ReadlyTests.framework; sourceTree = BUILT_PRODUCTS_DIR; };
		B21B8DDF262B37E0007E9B81 /* RequestService.swift */ = {isa = PBXFileReference; lastKnownFileType = sourcecode.swift; path = RequestService.swift; sourceTree = "<group>"; };
		B21B8DE8262B3934007E9B81 /* BooksAPI.swift */ = {isa = PBXFileReference; lastKnownFileType = sourcecode.swift; path = BooksAPI.swift; sourceTree = "<group>"; };
		B21B8DF8262B3CCF007E9B81 /* AppDataObserver.swift */ = {isa = PBXFileReference; lastKnownFileType = sourcecode.swift; path = AppDataObserver.swift; sourceTree = "<group>"; };
		B21B8DFD262B4594007E9B81 /* JokesAPI.swift */ = {isa = PBXFileReference; lastKnownFileType = sourcecode.swift; path = JokesAPI.swift; sourceTree = "<group>"; };
		E7EB565E03286045279362BB /* Pods-ReadlyTests.release.xcconfig */ = {isa = PBXFileReference; includeInIndex = 1; lastKnownFileType = text.xcconfig; name = "Pods-ReadlyTests.release.xcconfig"; path = "Target Support Files/Pods-ReadlyTests/Pods-ReadlyTests.release.xcconfig"; sourceTree = "<group>"; };
		F2108FCC26538265005E8C33 /* Book.swift */ = {isa = PBXFileReference; fileEncoding = 4; lastKnownFileType = sourcecode.swift; name = Book.swift; path = MVVM/Models/Book.swift; sourceTree = "<group>"; };
		F2108FCD26538265005E8C33 /* Joke.swift */ = {isa = PBXFileReference; fileEncoding = 4; lastKnownFileType = sourcecode.swift; path = Joke.swift; sourceTree = "<group>"; };
		F2108FD12653827C005E8C33 /* JokesViewModel.swift */ = {isa = PBXFileReference; fileEncoding = 4; lastKnownFileType = sourcecode.swift; path = JokesViewModel.swift; sourceTree = "<group>"; };
		F2108FD22653827C005E8C33 /* PunchlineViewModel.swift */ = {isa = PBXFileReference; fileEncoding = 4; lastKnownFileType = sourcecode.swift; path = PunchlineViewModel.swift; sourceTree = "<group>"; };
		F2108FD32653827C005E8C33 /* ReadViewModel.swift */ = {isa = PBXFileReference; fileEncoding = 4; lastKnownFileType = sourcecode.swift; path = ReadViewModel.swift; sourceTree = "<group>"; };
		F2108FD42653827C005E8C33 /* FavouritesViewModel.swift */ = {isa = PBXFileReference; fileEncoding = 4; lastKnownFileType = sourcecode.swift; path = FavouritesViewModel.swift; sourceTree = "<group>"; };
		F2108FD52653827D005E8C33 /* LibraryViewModel.swift */ = {isa = PBXFileReference; fileEncoding = 4; lastKnownFileType = sourcecode.swift; path = LibraryViewModel.swift; sourceTree = "<group>"; };
		F2108FDC2653828E005E8C33 /* JokesViewController.swift */ = {isa = PBXFileReference; fileEncoding = 4; lastKnownFileType = sourcecode.swift; path = JokesViewController.swift; sourceTree = "<group>"; };
		F2108FDD2653828E005E8C33 /* PunchlineViewController.swift */ = {isa = PBXFileReference; fileEncoding = 4; lastKnownFileType = sourcecode.swift; path = PunchlineViewController.swift; sourceTree = "<group>"; };
		F2108FDE2653828E005E8C33 /* FavouritesViewController.swift */ = {isa = PBXFileReference; fileEncoding = 4; lastKnownFileType = sourcecode.swift; path = FavouritesViewController.swift; sourceTree = "<group>"; };
		F2108FDF2653828E005E8C33 /* LibraryViewController.swift */ = {isa = PBXFileReference; fileEncoding = 4; lastKnownFileType = sourcecode.swift; path = LibraryViewController.swift; sourceTree = "<group>"; };
		F2108FE02653828E005E8C33 /* ReadViewController.swift */ = {isa = PBXFileReference; fileEncoding = 4; lastKnownFileType = sourcecode.swift; path = ReadViewController.swift; sourceTree = "<group>"; };
		F2108FEB2653848E005E8C33 /* BookListItem.swift */ = {isa = PBXFileReference; fileEncoding = 4; lastKnownFileType = sourcecode.swift; name = BookListItem.swift; path = Readly/BookListItem/BookListItem.swift; sourceTree = SOURCE_ROOT; };
		F2108FEC2653848E005E8C33 /* BookListItem.xib */ = {isa = PBXFileReference; fileEncoding = 4; lastKnownFileType = file.xib; name = BookListItem.xib; path = Readly/BookListItem/BookListItem.xib; sourceTree = SOURCE_ROOT; };
		F2108FF326538A34005E8C33 /* ReadlyTests.xctest */ = {isa = PBXFileReference; explicitFileType = wrapper.cfbundle; includeInIndex = 0; path = ReadlyTests.xctest; sourceTree = BUILT_PRODUCTS_DIR; };
		F2108FF526538A34005E8C33 /* ReadlyTests.swift */ = {isa = PBXFileReference; lastKnownFileType = sourcecode.swift; path = ReadlyTests.swift; sourceTree = "<group>"; };
		F2108FF726538A34005E8C33 /* Info.plist */ = {isa = PBXFileReference; lastKnownFileType = text.plist.xml; path = Info.plist; sourceTree = "<group>"; };
		F24DA85526513B3600989224 /* NetworkException.swift */ = {isa = PBXFileReference; lastKnownFileType = sourcecode.swift; name = NetworkException.swift; path = Readly/NetworkException.swift; sourceTree = SOURCE_ROOT; };
		F2C0E88925FA842C00BB818B /* Readly.app */ = {isa = PBXFileReference; explicitFileType = wrapper.application; includeInIndex = 0; path = Readly.app; sourceTree = BUILT_PRODUCTS_DIR; };
		F2C0E88C25FA842C00BB818B /* AppDelegate.swift */ = {isa = PBXFileReference; lastKnownFileType = sourcecode.swift; path = AppDelegate.swift; sourceTree = "<group>"; };
		F2C0E88E25FA842C00BB818B /* SceneDelegate.swift */ = {isa = PBXFileReference; lastKnownFileType = sourcecode.swift; path = SceneDelegate.swift; sourceTree = "<group>"; };
		F2C0E89325FA842C00BB818B /* Base */ = {isa = PBXFileReference; lastKnownFileType = file.storyboard; name = Base; path = Base.lproj/Main.storyboard; sourceTree = "<group>"; };
		F2C0E89525FA842E00BB818B /* Assets.xcassets */ = {isa = PBXFileReference; lastKnownFileType = folder.assetcatalog; path = Assets.xcassets; sourceTree = "<group>"; };
		F2C0E89825FA842E00BB818B /* Base */ = {isa = PBXFileReference; lastKnownFileType = file.storyboard; name = Base; path = Base.lproj/LaunchScreen.storyboard; sourceTree = "<group>"; };
		F2C0E89A25FA842E00BB818B /* Info.plist */ = {isa = PBXFileReference; lastKnownFileType = text.plist.xml; path = Info.plist; sourceTree = "<group>"; };
		F2C0E8B725FAB8B700BB818B /* AppData.swift */ = {isa = PBXFileReference; lastKnownFileType = sourcecode.swift; path = AppData.swift; sourceTree = "<group>"; };
		F2C855882655685100A7FC81 /* ReadlyUITests.swift */ = {isa = PBXFileReference; lastKnownFileType = sourcecode.swift; path = ReadlyUITests.swift; sourceTree = "<group>"; };
		F2C8558A2655685100A7FC81 /* Info.plist */ = {isa = PBXFileReference; lastKnownFileType = text.plist.xml; path = Info.plist; sourceTree = "<group>"; };
		F2C8559426556D6600A7FC81 /* ReadlyUITests.xctest */ = {isa = PBXFileReference; explicitFileType = wrapper.cfbundle; includeInIndex = 0; path = ReadlyUITests.xctest; sourceTree = BUILT_PRODUCTS_DIR; };
		F2C8559626556D6600A7FC81 /* ReadlyUITests.swift */ = {isa = PBXFileReference; lastKnownFileType = sourcecode.swift; path = ReadlyUITests.swift; sourceTree = "<group>"; };
		F2C8559826556D6600A7FC81 /* Info.plist */ = {isa = PBXFileReference; lastKnownFileType = text.plist.xml; path = Info.plist; sourceTree = "<group>"; };
		F2C8559F26557AF400A7FC81 /* MockJockeApi.swift */ = {isa = PBXFileReference; lastKnownFileType = sourcecode.swift; path = MockJockeApi.swift; sourceTree = "<group>"; };
		F2C855A126557F2900A7FC81 /* MockJokesApi.swift */ = {isa = PBXFileReference; lastKnownFileType = sourcecode.swift; path = MockJokesApi.swift; sourceTree = "<group>"; };
		F2FC15B42654435E00FD4C5B /* AppDataTests.swift */ = {isa = PBXFileReference; lastKnownFileType = sourcecode.swift; path = AppDataTests.swift; sourceTree = "<group>"; };
/* End PBXFileReference section */

/* Begin PBXFrameworksBuildPhase section */
		F2108FF026538A34005E8C33 /* Frameworks */ = {
			isa = PBXFrameworksBuildPhase;
			buildActionMask = 2147483647;
			files = (
				6B845CFAD14F12C768AE6F5E /* Pods_ReadlyTests.framework in Frameworks */,
			);
			runOnlyForDeploymentPostprocessing = 0;
		};
		F2C0E88625FA842C00BB818B /* Frameworks */ = {
			isa = PBXFrameworksBuildPhase;
			buildActionMask = 2147483647;
			files = (
				4DBFA65A423188B5A00194DD /* Pods_Readly.framework in Frameworks */,
			);
			runOnlyForDeploymentPostprocessing = 0;
		};
		F2C8559126556D6600A7FC81 /* Frameworks */ = {
			isa = PBXFrameworksBuildPhase;
			buildActionMask = 2147483647;
			files = (
			);
			runOnlyForDeploymentPostprocessing = 0;
		};
/* End PBXFrameworksBuildPhase section */

/* Begin PBXGroup section */
		730ACB7B158CBAD269ACE44E /* Pods */ = {
			isa = PBXGroup;
			children = (
				9BF19C212BDA2A5CCD82C56A /* Pods-Readly.debug.xcconfig */,
				225FD56AACF8640623E47DBA /* Pods-Readly.release.xcconfig */,
				6E0942845F4F06532ED291A4 /* Pods-ReadlyTests.debug.xcconfig */,
				E7EB565E03286045279362BB /* Pods-ReadlyTests.release.xcconfig */,
			);
			path = Pods;
			sourceTree = "<group>";
		};
		B21B8DDE262AFB89007E9B81 /* Networking */ = {
			isa = PBXGroup;
			children = (
				B21B8DDF262B37E0007E9B81 /* RequestService.swift */,
				F24DA85526513B3600989224 /* NetworkException.swift */,
				B21B8DF3262B3C87007E9B81 /* APIs */,
			);
			path = Networking;
			sourceTree = "<group>";
		};
		B21B8DE7262B38FB007E9B81 /* Supporting Files */ = {
			isa = PBXGroup;
			children = (
				F2C0E89A25FA842E00BB818B /* Info.plist */,
				F2C0E88C25FA842C00BB818B /* AppDelegate.swift */,
				F2C0E88E25FA842C00BB818B /* SceneDelegate.swift */,
				F2C0E89525FA842E00BB818B /* Assets.xcassets */,
			);
			name = "Supporting Files";
			sourceTree = "<group>";
		};
		B21B8DF3262B3C87007E9B81 /* APIs */ = {
			isa = PBXGroup;
			children = (
				B21B8DFC262B4581007E9B81 /* JokesAPI */,
				B21B8DF4262B3C92007E9B81 /* Books API */,
			);
			name = APIs;
			path = ..;
			sourceTree = "<group>";
		};
		B21B8DF4262B3C92007E9B81 /* Books API */ = {
			isa = PBXGroup;
			children = (
				B21B8DE8262B3934007E9B81 /* BooksAPI.swift */,
			);
			name = "Books API";
			sourceTree = "<group>";
		};
		B21B8DF6262B3CBC007E9B81 /* Manager */ = {
			isa = PBXGroup;
			children = (
				F2C0E8B725FAB8B700BB818B /* AppData.swift */,
				B21B8DF7262B3CC3007E9B81 /* Protocols */,
			);
			path = Manager;
			sourceTree = "<group>";
		};
		B21B8DF7262B3CC3007E9B81 /* Protocols */ = {
			isa = PBXGroup;
			children = (
				B21B8DF8262B3CCF007E9B81 /* AppDataObserver.swift */,
			);
			path = Protocols;
			sourceTree = "<group>";
		};
		B21B8DFC262B4581007E9B81 /* JokesAPI */ = {
			isa = PBXGroup;
			children = (
				B21B8DFD262B4594007E9B81 /* JokesAPI.swift */,
				F2C855A126557F2900A7FC81 /* MockJokesApi.swift */,
			);
			name = JokesAPI;
			sourceTree = "<group>";
		};
		E1D013DD4177AF6D32D37966 /* Frameworks */ = {
			isa = PBXGroup;
			children = (
				2051E50B44DDD545E21D2D7C /* Pods_Readly.framework */,
				A03DE39516BBDBCEB5CF8BCE /* Pods_ReadlyTests.framework */,
			);
			name = Frameworks;
			sourceTree = "<group>";
		};
		F2108FCA26538245005E8C33 /* MVVM */ = {
			isa = PBXGroup;
			children = (
				F2108FDB26538286005E8C33 /* Views */,
				F2108FD026538271005E8C33 /* ViewModels */,
				F2108FCB26538257005E8C33 /* Models */,
			);
			name = MVVM;
			sourceTree = "<group>";
		};
		F2108FCB26538257005E8C33 /* Models */ = {
			isa = PBXGroup;
			children = (
				F2108FCC26538265005E8C33 /* Book.swift */,
				F2108FCD26538265005E8C33 /* Joke.swift */,
			);
			name = Models;
			sourceTree = "<group>";
		};
		F2108FD026538271005E8C33 /* ViewModels */ = {
			isa = PBXGroup;
			children = (
				F2108FD42653827C005E8C33 /* FavouritesViewModel.swift */,
				F2108FD12653827C005E8C33 /* JokesViewModel.swift */,
				F2108FD52653827D005E8C33 /* LibraryViewModel.swift */,
				F2108FD22653827C005E8C33 /* PunchlineViewModel.swift */,
				F2108FD32653827C005E8C33 /* ReadViewModel.swift */,
			);
			name = ViewModels;
			sourceTree = "<group>";
		};
		F2108FDB26538286005E8C33 /* Views */ = {
			isa = PBXGroup;
			children = (
				F2108FDE2653828E005E8C33 /* FavouritesViewController.swift */,
				F2108FDC2653828E005E8C33 /* JokesViewController.swift */,
				F2108FDF2653828E005E8C33 /* LibraryViewController.swift */,
				F2108FDD2653828E005E8C33 /* PunchlineViewController.swift */,
				F2108FE02653828E005E8C33 /* ReadViewController.swift */,
			);
			name = Views;
			sourceTree = "<group>";
		};
		F2108FE92653846A005E8C33 /* nibs */ = {
			isa = PBXGroup;
			children = (
				F2108FEA2653847A005E8C33 /* BookListItem */,
			);
			path = nibs;
			sourceTree = "<group>";
		};
		F2108FEA2653847A005E8C33 /* BookListItem */ = {
			isa = PBXGroup;
			children = (
				F2108FEB2653848E005E8C33 /* BookListItem.swift */,
				F2108FEC2653848E005E8C33 /* BookListItem.xib */,
			);
			path = BookListItem;
			sourceTree = "<group>";
		};
		F2108FF426538A34005E8C33 /* ReadlyTests */ = {
			isa = PBXGroup;
			children = (
				F2108FF526538A34005E8C33 /* ReadlyTests.swift */,
				F2108FF726538A34005E8C33 /* Info.plist */,
				F2FC15B42654435E00FD4C5B /* AppDataTests.swift */,
			);
			path = ReadlyTests;
			sourceTree = "<group>";
		};
		F236022E25FAC29B00131CC5 /* Data */ = {
			isa = PBXGroup;
			children = (
				B21B8DF6262B3CBC007E9B81 /* Manager */,
			);
			path = Data;
			sourceTree = "<group>";
		};
		F2C0E88025FA842C00BB818B = {
			isa = PBXGroup;
			children = (
				F2C0E88B25FA842C00BB818B /* Readly */,
				F2108FF426538A34005E8C33 /* ReadlyTests */,
				F2C855872655685100A7FC81 /* ReadlyUITests */,
				F2C8559526556D6600A7FC81 /* ReadlyUITests */,
				F2C0E88A25FA842C00BB818B /* Products */,
				730ACB7B158CBAD269ACE44E /* Pods */,
				E1D013DD4177AF6D32D37966 /* Frameworks */,
			);
			sourceTree = "<group>";
		};
		F2C0E88A25FA842C00BB818B /* Products */ = {
			isa = PBXGroup;
			children = (
				F2C0E88925FA842C00BB818B /* Readly.app */,
				F2108FF326538A34005E8C33 /* ReadlyTests.xctest */,
				F2C8559426556D6600A7FC81 /* ReadlyUITests.xctest */,
			);
			name = Products;
			sourceTree = "<group>";
		};
		F2C0E88B25FA842C00BB818B /* Readly */ = {
			isa = PBXGroup;
			children = (
				F2108FE92653846A005E8C33 /* nibs */,
				F2108FCA26538245005E8C33 /* MVVM */,
				B21B8DE7262B38FB007E9B81 /* Supporting Files */,
				B21B8DDE262AFB89007E9B81 /* Networking */,
				F236022E25FAC29B00131CC5 /* Data */,
				F2C0E89225FA842C00BB818B /* Main.storyboard */,
				F2C0E89725FA842E00BB818B /* LaunchScreen.storyboard */,
			);
			path = Readly;
			sourceTree = "<group>";
		};
		F2C855872655685100A7FC81 /* ReadlyUITests */ = {
			isa = PBXGroup;
			children = (
				F2C8559E26557ADF00A7FC81 /* mocks */,
				F2C855882655685100A7FC81 /* ReadlyUITests.swift */,
				F2C8558A2655685100A7FC81 /* Info.plist */,
			);
			path = ReadlyUITests;
			sourceTree = "<group>";
		};
		F2C8559526556D6600A7FC81 /* ReadlyUITests */ = {
			isa = PBXGroup;
			children = (
				F2C8559626556D6600A7FC81 /* ReadlyUITests.swift */,
				F2C8559826556D6600A7FC81 /* Info.plist */,
			);
			path = ReadlyUITests;
			sourceTree = "<group>";
		};
		F2C8559E26557ADF00A7FC81 /* mocks */ = {
			isa = PBXGroup;
			children = (
				F2C8559F26557AF400A7FC81 /* MockJockeApi.swift */,
			);
			path = mocks;
			sourceTree = "<group>";
		};
/* End PBXGroup section */

/* Begin PBXNativeTarget section */
		F2108FF226538A34005E8C33 /* ReadlyTests */ = {
			isa = PBXNativeTarget;
			buildConfigurationList = F2108FFA26538A34005E8C33 /* Build configuration list for PBXNativeTarget "ReadlyTests" */;
			buildPhases = (
				C42B32879A7EE9ECEE21212A /* [CP] Check Pods Manifest.lock */,
				F2108FEF26538A34005E8C33 /* Sources */,
				F2108FF026538A34005E8C33 /* Frameworks */,
				F2108FF126538A34005E8C33 /* Resources */,
				831FA58543A84B7E9D0F4AAA /* [CP] Embed Pods Frameworks */,
			);
			buildRules = (
			);
			dependencies = (
				F2108FF926538A34005E8C33 /* PBXTargetDependency */,
			);
			name = ReadlyTests;
			productName = ReadlyTests;
			productReference = F2108FF326538A34005E8C33 /* ReadlyTests.xctest */;
			productType = "com.apple.product-type.bundle.unit-test";
		};
		F2C0E88825FA842C00BB818B /* Readly */ = {
			isa = PBXNativeTarget;
			buildConfigurationList = F2C0E89D25FA842E00BB818B /* Build configuration list for PBXNativeTarget "Readly" */;
			buildPhases = (
				9D0A05E975217F4BD08CCCBA /* [CP] Check Pods Manifest.lock */,
				F2C0E88525FA842C00BB818B /* Sources */,
				F2C0E88625FA842C00BB818B /* Frameworks */,
				F2C0E88725FA842C00BB818B /* Resources */,
				35E9002288676A1571806D5C /* [CP] Embed Pods Frameworks */,
			);
			buildRules = (
			);
			dependencies = (
			);
			name = Readly;
			productName = Readly;
			productReference = F2C0E88925FA842C00BB818B /* Readly.app */;
			productType = "com.apple.product-type.application";
		};
		F2C8559326556D6600A7FC81 /* ReadlyUITests */ = {
			isa = PBXNativeTarget;
			buildConfigurationList = F2C8559B26556D6600A7FC81 /* Build configuration list for PBXNativeTarget "ReadlyUITests" */;
			buildPhases = (
				F2C8559026556D6600A7FC81 /* Sources */,
				F2C8559126556D6600A7FC81 /* Frameworks */,
				F2C8559226556D6600A7FC81 /* Resources */,
			);
			buildRules = (
			);
			dependencies = (
				F2C8559A26556D6600A7FC81 /* PBXTargetDependency */,
			);
			name = ReadlyUITests;
			productName = ReadlyUITests;
			productReference = F2C8559426556D6600A7FC81 /* ReadlyUITests.xctest */;
			productType = "com.apple.product-type.bundle.ui-testing";
		};
/* End PBXNativeTarget section */

/* Begin PBXProject section */
		F2C0E88125FA842C00BB818B /* Project object */ = {
			isa = PBXProject;
			attributes = {
				LastSwiftUpdateCheck = 1250;
				LastUpgradeCheck = 1220;
				TargetAttributes = {
					F2108FF226538A34005E8C33 = {
						CreatedOnToolsVersion = 12.5;
						TestTargetID = F2C0E88825FA842C00BB818B;
					};
					F2C0E88825FA842C00BB818B = {
						CreatedOnToolsVersion = 12.2;
					};
					F2C8559326556D6600A7FC81 = {
						CreatedOnToolsVersion = 12.5;
						TestTargetID = F2C0E88825FA842C00BB818B;
					};
				};
			};
			buildConfigurationList = F2C0E88425FA842C00BB818B /* Build configuration list for PBXProject "Readly" */;
			compatibilityVersion = "Xcode 9.3";
			developmentRegion = en;
			hasScannedForEncodings = 0;
			knownRegions = (
				en,
				Base,
			);
			mainGroup = F2C0E88025FA842C00BB818B;
			productRefGroup = F2C0E88A25FA842C00BB818B /* Products */;
			projectDirPath = "";
			projectRoot = "";
			targets = (
				F2C0E88825FA842C00BB818B /* Readly */,
				F2108FF226538A34005E8C33 /* ReadlyTests */,
				F2C8559326556D6600A7FC81 /* ReadlyUITests */,
			);
		};
/* End PBXProject section */

/* Begin PBXResourcesBuildPhase section */
		F2108FF126538A34005E8C33 /* Resources */ = {
			isa = PBXResourcesBuildPhase;
			buildActionMask = 2147483647;
			files = (
			);
			runOnlyForDeploymentPostprocessing = 0;
		};
		F2C0E88725FA842C00BB818B /* Resources */ = {
			isa = PBXResourcesBuildPhase;
			buildActionMask = 2147483647;
			files = (
				F2C0E89925FA842E00BB818B /* LaunchScreen.storyboard in Resources */,
				F2C0E89625FA842E00BB818B /* Assets.xcassets in Resources */,
				F2C0E89425FA842C00BB818B /* Main.storyboard in Resources */,
				F2108FEE2653848E005E8C33 /* BookListItem.xib in Resources */,
			);
			runOnlyForDeploymentPostprocessing = 0;
		};
		F2C8559226556D6600A7FC81 /* Resources */ = {
			isa = PBXResourcesBuildPhase;
			buildActionMask = 2147483647;
			files = (
			);
			runOnlyForDeploymentPostprocessing = 0;
		};
/* End PBXResourcesBuildPhase section */

/* Begin PBXShellScriptBuildPhase section */
		35E9002288676A1571806D5C /* [CP] Embed Pods Frameworks */ = {
			isa = PBXShellScriptBuildPhase;
			buildActionMask = 2147483647;
			files = (
			);
			inputFileListPaths = (
			);
			name = "[CP] Embed Pods Frameworks";
			outputFileListPaths = (
			);
			runOnlyForDeploymentPostprocessing = 0;
			shellPath = /bin/sh;
			shellScript = "\"${PODS_ROOT}/Target Support Files/Pods-Readly/Pods-Readly-frameworks.sh\"\n";
			showEnvVarsInLog = 0;
		};
		831FA58543A84B7E9D0F4AAA /* [CP] Embed Pods Frameworks */ = {
			isa = PBXShellScriptBuildPhase;
			buildActionMask = 2147483647;
			files = (
			);
			inputFileListPaths = (
			);
			name = "[CP] Embed Pods Frameworks";
			outputFileListPaths = (
			);
			runOnlyForDeploymentPostprocessing = 0;
			shellPath = /bin/sh;
			shellScript = "\"${PODS_ROOT}/Target Support Files/Pods-ReadlyTests/Pods-ReadlyTests-frameworks.sh\"\n";
			showEnvVarsInLog = 0;
		};
		9D0A05E975217F4BD08CCCBA /* [CP] Check Pods Manifest.lock */ = {
			isa = PBXShellScriptBuildPhase;
			buildActionMask = 2147483647;
			files = (
			);
			inputFileListPaths = (
			);
			inputPaths = (
				"${PODS_PODFILE_DIR_PATH}/Podfile.lock",
				"${PODS_ROOT}/Manifest.lock",
			);
			name = "[CP] Check Pods Manifest.lock";
			outputFileListPaths = (
			);
			outputPaths = (
				"$(DERIVED_FILE_DIR)/Pods-Readly-checkManifestLockResult.txt",
			);
			runOnlyForDeploymentPostprocessing = 0;
			shellPath = /bin/sh;
			shellScript = "diff \"${PODS_PODFILE_DIR_PATH}/Podfile.lock\" \"${PODS_ROOT}/Manifest.lock\" > /dev/null\nif [ $? != 0 ] ; then\n    # print error to STDERR\n    echo \"error: The sandbox is not in sync with the Podfile.lock. Run 'pod install' or update your CocoaPods installation.\" >&2\n    exit 1\nfi\n# This output is used by Xcode 'outputs' to avoid re-running this script phase.\necho \"SUCCESS\" > \"${SCRIPT_OUTPUT_FILE_0}\"\n";
			showEnvVarsInLog = 0;
		};
		C42B32879A7EE9ECEE21212A /* [CP] Check Pods Manifest.lock */ = {
			isa = PBXShellScriptBuildPhase;
			buildActionMask = 2147483647;
			files = (
			);
			inputFileListPaths = (
			);
			inputPaths = (
				"${PODS_PODFILE_DIR_PATH}/Podfile.lock",
				"${PODS_ROOT}/Manifest.lock",
			);
			name = "[CP] Check Pods Manifest.lock";
			outputFileListPaths = (
			);
			outputPaths = (
				"$(DERIVED_FILE_DIR)/Pods-ReadlyTests-checkManifestLockResult.txt",
			);
			runOnlyForDeploymentPostprocessing = 0;
			shellPath = /bin/sh;
			shellScript = "diff \"${PODS_PODFILE_DIR_PATH}/Podfile.lock\" \"${PODS_ROOT}/Manifest.lock\" > /dev/null\nif [ $? != 0 ] ; then\n    # print error to STDERR\n    echo \"error: The sandbox is not in sync with the Podfile.lock. Run 'pod install' or update your CocoaPods installation.\" >&2\n    exit 1\nfi\n# This output is used by Xcode 'outputs' to avoid re-running this script phase.\necho \"SUCCESS\" > \"${SCRIPT_OUTPUT_FILE_0}\"\n";
			showEnvVarsInLog = 0;
		};
/* End PBXShellScriptBuildPhase section */

/* Begin PBXSourcesBuildPhase section */
		F2108FEF26538A34005E8C33 /* Sources */ = {
			isa = PBXSourcesBuildPhase;
			buildActionMask = 2147483647;
			files = (
				F2FC15B52654435E00FD4C5B /* AppDataTests.swift in Sources */,
				F2108FF626538A34005E8C33 /* ReadlyTests.swift in Sources */,
			);
			runOnlyForDeploymentPostprocessing = 0;
		};
		F2C0E88525FA842C00BB818B /* Sources */ = {
			isa = PBXSourcesBuildPhase;
			buildActionMask = 2147483647;
			files = (
				F2108FED2653848E005E8C33 /* BookListItem.swift in Sources */,
				F2108FE42653828E005E8C33 /* FavouritesViewController.swift in Sources */,
				B21B8DE0262B37E0007E9B81 /* RequestService.swift in Sources */,
				F2108FE52653828E005E8C33 /* LibraryViewController.swift in Sources */,
				F2C0E88D25FA842C00BB818B /* AppDelegate.swift in Sources */,
				F2C0E88F25FA842C00BB818B /* SceneDelegate.swift in Sources */,
				F2108FD62653827D005E8C33 /* JokesViewModel.swift in Sources */,
				F2108FD92653827D005E8C33 /* FavouritesViewModel.swift in Sources */,
				B21B8DF9262B3CCF007E9B81 /* AppDataObserver.swift in Sources */,
				F2108FD82653827D005E8C33 /* ReadViewModel.swift in Sources */,
				F2108FD72653827D005E8C33 /* PunchlineViewModel.swift in Sources */,
				F2C0E8B825FAB8B700BB818B /* AppData.swift in Sources */,
				F2108FCE26538265005E8C33 /* Book.swift in Sources */,
				F2108FCF26538265005E8C33 /* Joke.swift in Sources */,
				B21B8DE9262B3934007E9B81 /* BooksAPI.swift in Sources */,
				F2C855A226557F2900A7FC81 /* MockJokesApi.swift in Sources */,
				F2108FE62653828E005E8C33 /* ReadViewController.swift in Sources */,
				F2108FE32653828E005E8C33 /* PunchlineViewController.swift in Sources */,
				F24DA85626513B3600989224 /* NetworkException.swift in Sources */,
				F2108FDA2653827D005E8C33 /* LibraryViewModel.swift in Sources */,
				B21B8DFE262B4594007E9B81 /* JokesAPI.swift in Sources */,
				F2108FE22653828E005E8C33 /* JokesViewController.swift in Sources */,
			);
			runOnlyForDeploymentPostprocessing = 0;
		};
		F2C8559026556D6600A7FC81 /* Sources */ = {
			isa = PBXSourcesBuildPhase;
			buildActionMask = 2147483647;
			files = (
				F2C8559726556D6600A7FC81 /* ReadlyUITests.swift in Sources */,
				F2C855A026557AF400A7FC81 /* MockJockeApi.swift in Sources */,
			);
			runOnlyForDeploymentPostprocessing = 0;
		};
/* End PBXSourcesBuildPhase section */

/* Begin PBXTargetDependency section */
		F2108FF926538A34005E8C33 /* PBXTargetDependency */ = {
			isa = PBXTargetDependency;
			target = F2C0E88825FA842C00BB818B /* Readly */;
			targetProxy = F2108FF826538A34005E8C33 /* PBXContainerItemProxy */;
		};
		F2C8559A26556D6600A7FC81 /* PBXTargetDependency */ = {
			isa = PBXTargetDependency;
			target = F2C0E88825FA842C00BB818B /* Readly */;
			targetProxy = F2C8559926556D6600A7FC81 /* PBXContainerItemProxy */;
		};
/* End PBXTargetDependency section */

/* Begin PBXVariantGroup section */
		F2C0E89225FA842C00BB818B /* Main.storyboard */ = {
			isa = PBXVariantGroup;
			children = (
				F2C0E89325FA842C00BB818B /* Base */,
			);
			name = Main.storyboard;
			sourceTree = "<group>";
		};
		F2C0E89725FA842E00BB818B /* LaunchScreen.storyboard */ = {
			isa = PBXVariantGroup;
			children = (
				F2C0E89825FA842E00BB818B /* Base */,
			);
			name = LaunchScreen.storyboard;
			sourceTree = "<group>";
		};
/* End PBXVariantGroup section */

/* Begin XCBuildConfiguration section */
		F2108FFB26538A34005E8C33 /* Debug */ = {
			isa = XCBuildConfiguration;
			baseConfigurationReference = 6E0942845F4F06532ED291A4 /* Pods-ReadlyTests.debug.xcconfig */;
			buildSettings = {
				BUNDLE_LOADER = "$(TEST_HOST)";
				CODE_SIGN_STYLE = Automatic;
				DEVELOPMENT_TEAM = PJL5BFJD4G;
				INFOPLIST_FILE = ReadlyTests/Info.plist;
				IPHONEOS_DEPLOYMENT_TARGET = 14.5;
				LD_RUNPATH_SEARCH_PATHS = (
					"$(inherited)",
					"@executable_path/Frameworks",
					"@loader_path/Frameworks",
				);
				PRODUCT_BUNDLE_IDENTIFIER = rjgroup.ReadlyTests;
				PRODUCT_NAME = "$(TARGET_NAME)";
				SWIFT_VERSION = 5.0;
				TARGETED_DEVICE_FAMILY = "1,2";
				TEST_HOST = "$(BUILT_PRODUCTS_DIR)/Readly.app/Readly";
			};
			name = Debug;
		};
		F2108FFC26538A34005E8C33 /* Release */ = {
			isa = XCBuildConfiguration;
			baseConfigurationReference = E7EB565E03286045279362BB /* Pods-ReadlyTests.release.xcconfig */;
			buildSettings = {
				BUNDLE_LOADER = "$(TEST_HOST)";
				CODE_SIGN_STYLE = Automatic;
				DEVELOPMENT_TEAM = PJL5BFJD4G;
				INFOPLIST_FILE = ReadlyTests/Info.plist;
				IPHONEOS_DEPLOYMENT_TARGET = 14.5;
				LD_RUNPATH_SEARCH_PATHS = (
					"$(inherited)",
					"@executable_path/Frameworks",
					"@loader_path/Frameworks",
				);
				PRODUCT_BUNDLE_IDENTIFIER = rjgroup.ReadlyTests;
				PRODUCT_NAME = "$(TARGET_NAME)";
				SWIFT_VERSION = 5.0;
				TARGETED_DEVICE_FAMILY = "1,2";
				TEST_HOST = "$(BUILT_PRODUCTS_DIR)/Readly.app/Readly";
			};
			name = Release;
		};
		F2C0E89B25FA842E00BB818B /* Debug */ = {
			isa = XCBuildConfiguration;
			buildSettings = {
				ALWAYS_SEARCH_USER_PATHS = NO;
				CLANG_ANALYZER_NONNULL = YES;
				CLANG_ANALYZER_NUMBER_OBJECT_CONVERSION = YES_AGGRESSIVE;
				CLANG_CXX_LANGUAGE_STANDARD = "gnu++14";
				CLANG_CXX_LIBRARY = "libc++";
				CLANG_ENABLE_MODULES = YES;
				CLANG_ENABLE_OBJC_ARC = YES;
				CLANG_ENABLE_OBJC_WEAK = YES;
				CLANG_WARN_BLOCK_CAPTURE_AUTORELEASING = YES;
				CLANG_WARN_BOOL_CONVERSION = YES;
				CLANG_WARN_COMMA = YES;
				CLANG_WARN_CONSTANT_CONVERSION = YES;
				CLANG_WARN_DEPRECATED_OBJC_IMPLEMENTATIONS = YES;
				CLANG_WARN_DIRECT_OBJC_ISA_USAGE = YES_ERROR;
				CLANG_WARN_DOCUMENTATION_COMMENTS = YES;
				CLANG_WARN_EMPTY_BODY = YES;
				CLANG_WARN_ENUM_CONVERSION = YES;
				CLANG_WARN_INFINITE_RECURSION = YES;
				CLANG_WARN_INT_CONVERSION = YES;
				CLANG_WARN_NON_LITERAL_NULL_CONVERSION = YES;
				CLANG_WARN_OBJC_IMPLICIT_RETAIN_SELF = YES;
				CLANG_WARN_OBJC_LITERAL_CONVERSION = YES;
				CLANG_WARN_OBJC_ROOT_CLASS = YES_ERROR;
				CLANG_WARN_QUOTED_INCLUDE_IN_FRAMEWORK_HEADER = YES;
				CLANG_WARN_RANGE_LOOP_ANALYSIS = YES;
				CLANG_WARN_STRICT_PROTOTYPES = YES;
				CLANG_WARN_SUSPICIOUS_MOVE = YES;
				CLANG_WARN_UNGUARDED_AVAILABILITY = YES_AGGRESSIVE;
				CLANG_WARN_UNREACHABLE_CODE = YES;
				CLANG_WARN__DUPLICATE_METHOD_MATCH = YES;
				COPY_PHASE_STRIP = NO;
				DEBUG_INFORMATION_FORMAT = dwarf;
				ENABLE_STRICT_OBJC_MSGSEND = YES;
				ENABLE_TESTABILITY = YES;
				GCC_C_LANGUAGE_STANDARD = gnu11;
				GCC_DYNAMIC_NO_PIC = NO;
				GCC_NO_COMMON_BLOCKS = YES;
				GCC_OPTIMIZATION_LEVEL = 0;
				GCC_PREPROCESSOR_DEFINITIONS = (
					"DEBUG=1",
					"$(inherited)",
				);
				GCC_WARN_64_TO_32_BIT_CONVERSION = YES;
				GCC_WARN_ABOUT_RETURN_TYPE = YES_ERROR;
				GCC_WARN_UNDECLARED_SELECTOR = YES;
				GCC_WARN_UNINITIALIZED_AUTOS = YES_AGGRESSIVE;
				GCC_WARN_UNUSED_FUNCTION = YES;
				GCC_WARN_UNUSED_VARIABLE = YES;
				IPHONEOS_DEPLOYMENT_TARGET = 14.2;
				MTL_ENABLE_DEBUG_INFO = INCLUDE_SOURCE;
				MTL_FAST_MATH = YES;
				ONLY_ACTIVE_ARCH = YES;
				SDKROOT = iphoneos;
				SWIFT_ACTIVE_COMPILATION_CONDITIONS = DEBUG;
				SWIFT_OPTIMIZATION_LEVEL = "-Onone";
			};
			name = Debug;
		};
		F2C0E89C25FA842E00BB818B /* Release */ = {
			isa = XCBuildConfiguration;
			buildSettings = {
				ALWAYS_SEARCH_USER_PATHS = NO;
				CLANG_ANALYZER_NONNULL = YES;
				CLANG_ANALYZER_NUMBER_OBJECT_CONVERSION = YES_AGGRESSIVE;
				CLANG_CXX_LANGUAGE_STANDARD = "gnu++14";
				CLANG_CXX_LIBRARY = "libc++";
				CLANG_ENABLE_MODULES = YES;
				CLANG_ENABLE_OBJC_ARC = YES;
				CLANG_ENABLE_OBJC_WEAK = YES;
				CLANG_WARN_BLOCK_CAPTURE_AUTORELEASING = YES;
				CLANG_WARN_BOOL_CONVERSION = YES;
				CLANG_WARN_COMMA = YES;
				CLANG_WARN_CONSTANT_CONVERSION = YES;
				CLANG_WARN_DEPRECATED_OBJC_IMPLEMENTATIONS = YES;
				CLANG_WARN_DIRECT_OBJC_ISA_USAGE = YES_ERROR;
				CLANG_WARN_DOCUMENTATION_COMMENTS = YES;
				CLANG_WARN_EMPTY_BODY = YES;
				CLANG_WARN_ENUM_CONVERSION = YES;
				CLANG_WARN_INFINITE_RECURSION = YES;
				CLANG_WARN_INT_CONVERSION = YES;
				CLANG_WARN_NON_LITERAL_NULL_CONVERSION = YES;
				CLANG_WARN_OBJC_IMPLICIT_RETAIN_SELF = YES;
				CLANG_WARN_OBJC_LITERAL_CONVERSION = YES;
				CLANG_WARN_OBJC_ROOT_CLASS = YES_ERROR;
				CLANG_WARN_QUOTED_INCLUDE_IN_FRAMEWORK_HEADER = YES;
				CLANG_WARN_RANGE_LOOP_ANALYSIS = YES;
				CLANG_WARN_STRICT_PROTOTYPES = YES;
				CLANG_WARN_SUSPICIOUS_MOVE = YES;
				CLANG_WARN_UNGUARDED_AVAILABILITY = YES_AGGRESSIVE;
				CLANG_WARN_UNREACHABLE_CODE = YES;
				CLANG_WARN__DUPLICATE_METHOD_MATCH = YES;
				COPY_PHASE_STRIP = NO;
				DEBUG_INFORMATION_FORMAT = "dwarf-with-dsym";
				ENABLE_NS_ASSERTIONS = NO;
				ENABLE_STRICT_OBJC_MSGSEND = YES;
				GCC_C_LANGUAGE_STANDARD = gnu11;
				GCC_NO_COMMON_BLOCKS = YES;
				GCC_WARN_64_TO_32_BIT_CONVERSION = YES;
				GCC_WARN_ABOUT_RETURN_TYPE = YES_ERROR;
				GCC_WARN_UNDECLARED_SELECTOR = YES;
				GCC_WARN_UNINITIALIZED_AUTOS = YES_AGGRESSIVE;
				GCC_WARN_UNUSED_FUNCTION = YES;
				GCC_WARN_UNUSED_VARIABLE = YES;
				IPHONEOS_DEPLOYMENT_TARGET = 14.2;
				MTL_ENABLE_DEBUG_INFO = NO;
				MTL_FAST_MATH = YES;
				SDKROOT = iphoneos;
				SWIFT_COMPILATION_MODE = wholemodule;
				SWIFT_OPTIMIZATION_LEVEL = "-O";
				VALIDATE_PRODUCT = YES;
			};
			name = Release;
		};
		F2C0E89E25FA842E00BB818B /* Debug */ = {
			isa = XCBuildConfiguration;
			baseConfigurationReference = 9BF19C212BDA2A5CCD82C56A /* Pods-Readly.debug.xcconfig */;
			buildSettings = {
				ASSETCATALOG_COMPILER_APPICON_NAME = AppIcon;
				ASSETCATALOG_COMPILER_GLOBAL_ACCENT_COLOR_NAME = AccentColor;
				CODE_SIGN_STYLE = Automatic;
				DEVELOPMENT_TEAM = PJL5BFJD4G;
				INFOPLIST_FILE = Readly/Info.plist;
				LD_RUNPATH_SEARCH_PATHS = (
					"$(inherited)",
					"@executable_path/Frameworks",
				);
				PRODUCT_BUNDLE_IDENTIFIER = rjgroup.Readly;
				PRODUCT_NAME = "$(TARGET_NAME)";
				SWIFT_VERSION = 5.0;
				TARGETED_DEVICE_FAMILY = "1,2";
			};
			name = Debug;
		};
		F2C0E89F25FA842E00BB818B /* Release */ = {
			isa = XCBuildConfiguration;
			baseConfigurationReference = 225FD56AACF8640623E47DBA /* Pods-Readly.release.xcconfig */;
			buildSettings = {
				ASSETCATALOG_COMPILER_APPICON_NAME = AppIcon;
				ASSETCATALOG_COMPILER_GLOBAL_ACCENT_COLOR_NAME = AccentColor;
				CODE_SIGN_STYLE = Automatic;
				DEVELOPMENT_TEAM = PJL5BFJD4G;
				INFOPLIST_FILE = Readly/Info.plist;
				LD_RUNPATH_SEARCH_PATHS = (
					"$(inherited)",
					"@executable_path/Frameworks",
				);
				PRODUCT_BUNDLE_IDENTIFIER = rjgroup.Readly;
				PRODUCT_NAME = "$(TARGET_NAME)";
				SWIFT_VERSION = 5.0;
				TARGETED_DEVICE_FAMILY = "1,2";
			};
			name = Release;
		};
		F2C8559C26556D6600A7FC81 /* Debug */ = {
			isa = XCBuildConfiguration;
			buildSettings = {
				CODE_SIGN_STYLE = Automatic;
				DEVELOPMENT_TEAM = PJL5BFJD4G;
				INFOPLIST_FILE = ReadlyUITests/Info.plist;
				IPHONEOS_DEPLOYMENT_TARGET = 14.5;
				LD_RUNPATH_SEARCH_PATHS = (
					"$(inherited)",
					"@executable_path/Frameworks",
					"@loader_path/Frameworks",
				);
				PRODUCT_BUNDLE_IDENTIFIER = rjgroup.ReadlyUITests;
				PRODUCT_NAME = "$(TARGET_NAME)";
				SWIFT_VERSION = 5.0;
				TARGETED_DEVICE_FAMILY = "1,2";
				TEST_TARGET_NAME = Readly;
			};
			name = Debug;
		};
		F2C8559D26556D6600A7FC81 /* Release */ = {
			isa = XCBuildConfiguration;
			buildSettings = {
				CODE_SIGN_STYLE = Automatic;
				DEVELOPMENT_TEAM = PJL5BFJD4G;
				INFOPLIST_FILE = ReadlyUITests/Info.plist;
				IPHONEOS_DEPLOYMENT_TARGET = 14.5;
				LD_RUNPATH_SEARCH_PATHS = (
					"$(inherited)",
					"@executable_path/Frameworks",
					"@loader_path/Frameworks",
				);
				PRODUCT_BUNDLE_IDENTIFIER = rjgroup.ReadlyUITests;
				PRODUCT_NAME = "$(TARGET_NAME)";
				SWIFT_VERSION = 5.0;
				TARGETED_DEVICE_FAMILY = "1,2";
				TEST_TARGET_NAME = Readly;
			};
			name = Release;
		};
/* End XCBuildConfiguration section */

/* Begin XCConfigurationList section */
		F2108FFA26538A34005E8C33 /* Build configuration list for PBXNativeTarget "ReadlyTests" */ = {
			isa = XCConfigurationList;
			buildConfigurations = (
				F2108FFB26538A34005E8C33 /* Debug */,
				F2108FFC26538A34005E8C33 /* Release */,
			);
			defaultConfigurationIsVisible = 0;
			defaultConfigurationName = Release;
		};
		F2C0E88425FA842C00BB818B /* Build configuration list for PBXProject "Readly" */ = {
			isa = XCConfigurationList;
			buildConfigurations = (
				F2C0E89B25FA842E00BB818B /* Debug */,
				F2C0E89C25FA842E00BB818B /* Release */,
			);
			defaultConfigurationIsVisible = 0;
			defaultConfigurationName = Release;
		};
		F2C0E89D25FA842E00BB818B /* Build configuration list for PBXNativeTarget "Readly" */ = {
			isa = XCConfigurationList;
			buildConfigurations = (
				F2C0E89E25FA842E00BB818B /* Debug */,
				F2C0E89F25FA842E00BB818B /* Release */,
			);
			defaultConfigurationIsVisible = 0;
			defaultConfigurationName = Release;
		};
		F2C8559B26556D6600A7FC81 /* Build configuration list for PBXNativeTarget "ReadlyUITests" */ = {
			isa = XCConfigurationList;
			buildConfigurations = (
				F2C8559C26556D6600A7FC81 /* Debug */,
				F2C8559D26556D6600A7FC81 /* Release */,
			);
			defaultConfigurationIsVisible = 0;
			defaultConfigurationName = Release;
		};
/* End XCConfigurationList section */
	};
	rootObject = F2C0E88125FA842C00BB818B /* Project object */;
}
